# This file is automatically @generated by Wally.
# It is not intended for manual editing.
registry = "test"

[[package]]
name = "chipioindustries/maid"
version = "1.0.1"
dependencies = [["t", "osyrisrblx/t@3.0.0"]]

[[package]]
name = "chipioindustries/make-standalone"
version = "1.0.7"
dependencies = [["t", "osyrisrblx/t@3.0.0"]]

[[package]]
name = "chipioindustries/tag-class"
version = "1.0.0"
dependencies = [["Maid", "chipioindustries/maid@1.0.1"], ["makeStandalone", "chipioindustries/make-standalone@1.0.7"], ["t", "osyrisrblx/t@3.0.0"]]

[[package]]
name = "osyrisrblx/t"
version = "3.0.0"
dependencies = []

[[package]]
name = "roblox/testez"
version = "0.4.1"
dependencies = []
